// !$*UTF8*$!
{
	archiveVersion = 1;
	classes = {
	};
	objectVersion = 56;
	objects = {

/* Begin PBXBuildFile section */
		619364222BE21ED100993069 /* memorizeApp.swift in Sources */ = {isa = PBXBuildFile; fileRef = 619364212BE21ED100993069 /* memorizeApp.swift */; };
		619364242BE21ED100993069 /* ContentView.swift in Sources */ = {isa = PBXBuildFile; fileRef = 619364232BE21ED100993069 /* ContentView.swift */; };
		619364262BE21ED500993069 /* Assets.xcassets in Resources */ = {isa = PBXBuildFile; fileRef = 619364252BE21ED500993069 /* Assets.xcassets */; };
		619364292BE21ED500993069 /* Preview Assets.xcassets in Resources */ = {isa = PBXBuildFile; fileRef = 619364282BE21ED500993069 /* Preview Assets.xcassets */; };
		619364332BE21ED500993069 /* memorizeTests.swift in Sources */ = {isa = PBXBuildFile; fileRef = 619364322BE21ED500993069 /* memorizeTests.swift */; };
		6193643D2BE21ED500993069 /* memorizeUITests.swift in Sources */ = {isa = PBXBuildFile; fileRef = 6193643C2BE21ED500993069 /* memorizeUITests.swift */; };
		6193643F2BE21ED500993069 /* memorizeUITestsLaunchTests.swift in Sources */ = {isa = PBXBuildFile; fileRef = 6193643E2BE21ED500993069 /* memorizeUITestsLaunchTests.swift */; };
/* End PBXBuildFile section */

/* Begin PBXContainerItemProxy section */
		6193642F2BE21ED500993069 /* PBXContainerItemProxy */ = {
			isa = PBXContainerItemProxy;
			containerPortal = 619364162BE21ED100993069 /* Project object */;
			proxyType = 1;
			remoteGlobalIDString = 6193641D2BE21ED100993069;
			remoteInfo = memorize;
		};
		619364392BE21ED500993069 /* PBXContainerItemProxy */ = {
			isa = PBXContainerItemProxy;
			containerPortal = 619364162BE21ED100993069 /* Project object */;
			proxyType = 1;
			remoteGlobalIDString = 6193641D2BE21ED100993069;
			remoteInfo = memorize;
		};
/* End PBXContainerItemProxy section */

/* Begin PBXFileReference section */
		6193641E2BE21ED100993069 /* memorize.app */ = {isa = PBXFileReference; explicitFileType = wrapper.application; includeInIndex = 0; path = memorize.app; sourceTree = BUILT_PRODUCTS_DIR; };
		619364212BE21ED100993069 /* memorizeApp.swift */ = {isa = PBXFileReference; lastKnownFileType = sourcecode.swift; path = memorizeApp.swift; sourceTree = "<group>"; };
		619364232BE21ED100993069 /* ContentView.swift */ = {isa = PBXFileReference; lastKnownFileType = sourcecode.swift; path = ContentView.swift; sourceTree = "<group>"; };
		619364252BE21ED500993069 /* Assets.xcassets */ = {isa = PBXFileReference; lastKnownFileType = folder.assetcatalog; path = Assets.xcassets; sourceTree = "<group>"; };
		619364282BE21ED500993069 /* Preview Assets.xcassets */ = {isa = PBXFileReference; lastKnownFileType = folder.assetcatalog; path = "Preview Assets.xcassets"; sourceTree = "<group>"; };
		6193642E2BE21ED500993069 /* memorizeTests.xctest */ = {isa = PBXFileReference; explicitFileType = wrapper.cfbundle; includeInIndex = 0; path = memorizeTests.xctest; sourceTree = BUILT_PRODUCTS_DIR; };
		619364322BE21ED500993069 /* memorizeTests.swift */ = {isa = PBXFileReference; lastKnownFileType = sourcecode.swift; path = memorizeTests.swift; sourceTree = "<group>"; };
		619364382BE21ED500993069 /* memorizeUITests.xctest */ = {isa = PBXFileReference; explicitFileType = wrapper.cfbundle; includeInIndex = 0; path = memorizeUITests.xctest; sourceTree = BUILT_PRODUCTS_DIR; };
		6193643C2BE21ED500993069 /* memorizeUITests.swift */ = {isa = PBXFileReference; lastKnownFileType = sourcecode.swift; path = memorizeUITests.swift; sourceTree = "<group>"; };
		6193643E2BE21ED500993069 /* memorizeUITestsLaunchTests.swift */ = {isa = PBXFileReference; lastKnownFileType = sourcecode.swift; path = memorizeUITestsLaunchTests.swift; sourceTree = "<group>"; };
/* End PBXFileReference section */

/* Begin PBXFrameworksBuildPhase section */
		6193641B2BE21ED100993069 /* Frameworks */ = {
			isa = PBXFrameworksBuildPhase;
			buildActionMask = 2147483647;
			files = (
			);
			runOnlyForDeploymentPostprocessing = 0;
		};
		6193642B2BE21ED500993069 /* Frameworks */ = {
			isa = PBXFrameworksBuildPhase;
			buildActionMask = 2147483647;
			files = (
			);
			runOnlyForDeploymentPostprocessing = 0;
		};
		619364352BE21ED500993069 /* Frameworks */ = {
			isa = PBXFrameworksBuildPhase;
			buildActionMask = 2147483647;
			files = (
			);
			runOnlyForDeploymentPostprocessing = 0;
		};
/* End PBXFrameworksBuildPhase section */

/* Begin PBXGroup section */
		619364152BE21ED100993069 = {
			isa = PBXGroup;
			children = (
				619364202BE21ED100993069 /* memorize */,
				619364312BE21ED500993069 /* memorizeTests */,
				6193643B2BE21ED500993069 /* memorizeUITests */,
				6193641F2BE21ED100993069 /* Products */,
			);
			sourceTree = "<group>";
		};
		6193641F2BE21ED100993069 /* Products */ = {
			isa = PBXGroup;
			children = (
				6193641E2BE21ED100993069 /* memorize.app */,
				6193642E2BE21ED500993069 /* memorizeTests.xctest */,
				619364382BE21ED500993069 /* memorizeUITests.xctest */,
			);
			name = Products;
			sourceTree = "<group>";
		};
		619364202BE21ED100993069 /* memorize */ = {
			isa = PBXGroup;
			children = (
				619364212BE21ED100993069 /* memorizeApp.swift */,
				619364232BE21ED100993069 /* ContentView.swift */,
				619364252BE21ED500993069 /* Assets.xcassets */,
				619364272BE21ED500993069 /* Preview Content */,
			);
			path = memorize;
			sourceTree = "<group>";
		};
		619364272BE21ED500993069 /* Preview Content */ = {
			isa = PBXGroup;
			children = (
				619364282BE21ED500993069 /* Preview Assets.xcassets */,
			);
			path = "Preview Content";
			sourceTree = "<group>";
		};
		619364312BE21ED500993069 /* memorizeTests */ = {
			isa = PBXGroup;
			children = (
				619364322BE21ED500993069 /* memorizeTests.swift */,
			);
			path = memorizeTests;
			sourceTree = "<group>";
		};
		6193643B2BE21ED500993069 /* memorizeUITests */ = {
			isa = PBXGroup;
			children = (
				6193643C2BE21ED500993069 /* memorizeUITests.swift */,
				6193643E2BE21ED500993069 /* memorizeUITestsLaunchTests.swift */,
			);
			path = memorizeUITests;
			sourceTree = "<group>";
		};
/* End PBXGroup section */

/* Begin PBXNativeTarget section */
		6193641D2BE21ED100993069 /* memorize */ = {
			isa = PBXNativeTarget;
			buildConfigurationList = 619364422BE21ED500993069 /* Build configuration list for PBXNativeTarget "memorize" */;
			buildPhases = (
				6193641A2BE21ED100993069 /* Sources */,
				6193641B2BE21ED100993069 /* Frameworks */,
				6193641C2BE21ED100993069 /* Resources */,
			);
			buildRules = (
			);
			dependencies = (
			);
			name = memorize;
			productName = memorize;
			productReference = 6193641E2BE21ED100993069 /* memorize.app */;
			productType = "com.apple.product-type.application";
		};
		6193642D2BE21ED500993069 /* memorizeTests */ = {
			isa = PBXNativeTarget;
			buildConfigurationList = 619364452BE21ED500993069 /* Build configuration list for PBXNativeTarget "memorizeTests" */;
			buildPhases = (
				6193642A2BE21ED500993069 /* Sources */,
				6193642B2BE21ED500993069 /* Frameworks */,
				6193642C2BE21ED500993069 /* Resources */,
			);
			buildRules = (
			);
			dependencies = (
				619364302BE21ED500993069 /* PBXTargetDependency */,
			);
			name = memorizeTests;
			productName = memorizeTests;
			productReference = 6193642E2BE21ED500993069 /* memorizeTests.xctest */;
			productType = "com.apple.product-type.bundle.unit-test";
		};
		619364372BE21ED500993069 /* memorizeUITests */ = {
			isa = PBXNativeTarget;
			buildConfigurationList = 619364482BE21ED500993069 /* Build configuration list for PBXNativeTarget "memorizeUITests" */;
			buildPhases = (
				619364342BE21ED500993069 /* Sources */,
				619364352BE21ED500993069 /* Frameworks */,
				619364362BE21ED500993069 /* Resources */,
			);
			buildRules = (
			);
			dependencies = (
				6193643A2BE21ED500993069 /* PBXTargetDependency */,
			);
			name = memorizeUITests;
			productName = memorizeUITests;
			productReference = 619364382BE21ED500993069 /* memorizeUITests.xctest */;
			productType = "com.apple.product-type.bundle.ui-testing";
		};
/* End PBXNativeTarget section */

/* Begin PBXProject section */
		619364162BE21ED100993069 /* Project object */ = {
			isa = PBXProject;
			attributes = {
				BuildIndependentTargetsInParallel = 1;
				LastSwiftUpdateCheck = 1530;
				LastUpgradeCheck = 1530;
				TargetAttributes = {
					6193641D2BE21ED100993069 = {
						CreatedOnToolsVersion = 15.3;
					};
					6193642D2BE21ED500993069 = {
						CreatedOnToolsVersion = 15.3;
						TestTargetID = 6193641D2BE21ED100993069;
					};
					619364372BE21ED500993069 = {
						CreatedOnToolsVersion = 15.3;
						TestTargetID = 6193641D2BE21ED100993069;
					};
				};
			};
			buildConfigurationList = 619364192BE21ED100993069 /* Build configuration list for PBXProject "memorize" */;
			compatibilityVersion = "Xcode 14.0";
			developmentRegion = en;
			hasScannedForEncodings = 0;
			knownRegions = (
				en,
				Base,
			);
			mainGroup = 619364152BE21ED100993069;
			productRefGroup = 6193641F2BE21ED100993069 /* Products */;
			projectDirPath = "";
			projectRoot = "";
			targets = (
				6193641D2BE21ED100993069 /* memorize */,
				6193642D2BE21ED500993069 /* memorizeTests */,
				619364372BE21ED500993069 /* memorizeUITests */,
			);
		};
/* End PBXProject section */

/* Begin PBXResourcesBuildPhase section */
		6193641C2BE21ED100993069 /* Resources */ = {
			isa = PBXResourcesBuildPhase;
			buildActionMask = 2147483647;
			files = (
				619364292BE21ED500993069 /* Preview Assets.xcassets in Resources */,
				619364262BE21ED500993069 /* Assets.xcassets in Resources */,
			);
			runOnlyForDeploymentPostprocessing = 0;
		};
		6193642C2BE21ED500993069 /* Resources */ = {
			isa = PBXResourcesBuildPhase;
			buildActionMask = 2147483647;
			files = (
			);
			runOnlyForDeploymentPostprocessing = 0;
		};
		619364362BE21ED500993069 /* Resources */ = {
			isa = PBXResourcesBuildPhase;
			buildActionMask = 2147483647;
			files = (
			);
			runOnlyForDeploymentPostprocessing = 0;
		};
/* End PBXResourcesBuildPhase section */

/* Begin PBXSourcesBuildPhase section */
		6193641A2BE21ED100993069 /* Sources */ = {
			isa = PBXSourcesBuildPhase;
			buildActionMask = 2147483647;
			files = (
				619364242BE21ED100993069 /* ContentView.swift in Sources */,
				619364222BE21ED100993069 /* memorizeApp.swift in Sources */,
			);
			runOnlyForDeploymentPostprocessing = 0;
		};
		6193642A2BE21ED500993069 /* Sources */ = {
			isa = PBXSourcesBuildPhase;
			buildActionMask = 2147483647;
			files = (
				619364332BE21ED500993069 /* memorizeTests.swift in Sources */,
			);
			runOnlyForDeploymentPostprocessing = 0;
		};
		619364342BE21ED500993069 /* Sources */ = {
			isa = PBXSourcesBuildPhase;
			buildActionMask = 2147483647;
			files = (
				6193643F2BE21ED500993069 /* memorizeUITestsLaunchTests.swift in Sources */,
				6193643D2BE21ED500993069 /* memorizeUITests.swift in Sources */,
			);
			runOnlyForDeploymentPostprocessing = 0;
		};
/* End PBXSourcesBuildPhase section */

/* Begin PBXTargetDependency section */
		619364302BE21ED500993069 /* PBXTargetDependency */ = {
			isa = PBXTargetDependency;
			target = 6193641D2BE21ED100993069 /* memorize */;
			targetProxy = 6193642F2BE21ED500993069 /* PBXContainerItemProxy */;
		};
		6193643A2BE21ED500993069 /* PBXTargetDependency */ = {
			isa = PBXTargetDependency;
			target = 6193641D2BE21ED100993069 /* memorize */;
			targetProxy = 619364392BE21ED500993069 /* PBXContainerItemProxy */;
		};
/* End PBXTargetDependency section */

/* Begin XCBuildConfiguration section */
		619364402BE21ED500993069 /* Debug */ = {
			isa = XCBuildConfiguration;
			buildSettings = {
				ALWAYS_SEARCH_USER_PATHS = NO;
				ASSETCATALOG_COMPILER_GENERATE_SWIFT_ASSET_SYMBOL_EXTENSIONS = YES;
				CLANG_ANALYZER_NONNULL = YES;
				CLANG_ANALYZER_NUMBER_OBJECT_CONVERSION = YES_AGGRESSIVE;
				CLANG_CXX_LANGUAGE_STANDARD = "gnu++20";
				CLANG_ENABLE_MODULES = YES;
				CLANG_ENABLE_OBJC_ARC = YES;
				CLANG_ENABLE_OBJC_WEAK = YES;
				CLANG_WARN_BLOCK_CAPTURE_AUTORELEASING = YES;
				CLANG_WARN_BOOL_CONVERSION = YES;
				CLANG_WARN_COMMA = YES;
				CLANG_WARN_CONSTANT_CONVERSION = YES;
				CLANG_WARN_DEPRECATED_OBJC_IMPLEMENTATIONS = YES;
				CLANG_WARN_DIRECT_OBJC_ISA_USAGE = YES_ERROR;
				CLANG_WARN_DOCUMENTATION_COMMENTS = YES;
				CLANG_WARN_EMPTY_BODY = YES;
				CLANG_WARN_ENUM_CONVERSION = YES;
				CLANG_WARN_INFINITE_RECURSION = YES;
				CLANG_WARN_INT_CONVERSION = YES;
				CLANG_WARN_NON_LITERAL_NULL_CONVERSION = YES;
				CLANG_WARN_OBJC_IMPLICIT_RETAIN_SELF = YES;
				CLANG_WARN_OBJC_LITERAL_CONVERSION = YES;
				CLANG_WARN_OBJC_ROOT_CLASS = YES_ERROR;
				CLANG_WARN_QUOTED_INCLUDE_IN_FRAMEWORK_HEADER = YES;
				CLANG_WARN_RANGE_LOOP_ANALYSIS = YES;
				CLANG_WARN_STRICT_PROTOTYPES = YES;
				CLANG_WARN_SUSPICIOUS_MOVE = YES;
				CLANG_WARN_UNGUARDED_AVAILABILITY = YES_AGGRESSIVE;
				CLANG_WARN_UNREACHABLE_CODE = YES;
				CLANG_WARN__DUPLICATE_METHOD_MATCH = YES;
				COPY_PHASE_STRIP = NO;
				DEBUG_INFORMATION_FORMAT = dwarf;
				ENABLE_STRICT_OBJC_MSGSEND = YES;
				ENABLE_TESTABILITY = YES;
				ENABLE_USER_SCRIPT_SANDBOXING = YES;
				GCC_C_LANGUAGE_STANDARD = gnu17;
				GCC_DYNAMIC_NO_PIC = NO;
				GCC_NO_COMMON_BLOCKS = YES;
				GCC_OPTIMIZATION_LEVEL = 0;
				GCC_PREPROCESSOR_DEFINITIONS = (
					"DEBUG=1",
					"$(inherited)",
				);
				GCC_WARN_64_TO_32_BIT_CONVERSION = YES;
				GCC_WARN_ABOUT_RETURN_TYPE = YES_ERROR;
				GCC_WARN_UNDECLARED_SELECTOR = YES;
				GCC_WARN_UNINITIALIZED_AUTOS = YES_AGGRESSIVE;
				GCC_WARN_UNUSED_FUNCTION = YES;
				GCC_WARN_UNUSED_VARIABLE = YES;
				IPHONEOS_DEPLOYMENT_TARGET = 17.4;
				LOCALIZATION_PREFERS_STRING_CATALOGS = YES;
				MTL_ENABLE_DEBUG_INFO = INCLUDE_SOURCE;
				MTL_FAST_MATH = YES;
				ONLY_ACTIVE_ARCH = YES;
				SDKROOT = iphoneos;
				SWIFT_ACTIVE_COMPILATION_CONDITIONS = "DEBUG $(inherited)";
				SWIFT_OPTIMIZATION_LEVEL = "-Onone";
			};
			name = Debug;
		};
		619364412BE21ED500993069 /* Release */ = {
			isa = XCBuildConfiguration;
			buildSettings = {
				ALWAYS_SEARCH_USER_PATHS = NO;
				ASSETCATALOG_COMPILER_GENERATE_SWIFT_ASSET_SYMBOL_EXTENSIONS = YES;
				CLANG_ANALYZER_NONNULL = YES;
				CLANG_ANALYZER_NUMBER_OBJECT_CONVERSION = YES_AGGRESSIVE;
				CLANG_CXX_LANGUAGE_STANDARD = "gnu++20";
				CLANG_ENABLE_MODULES = YES;
				CLANG_ENABLE_OBJC_ARC = YES;
				CLANG_ENABLE_OBJC_WEAK = YES;
				CLANG_WARN_BLOCK_CAPTURE_AUTORELEASING = YES;
				CLANG_WARN_BOOL_CONVERSION = YES;
				CLANG_WARN_COMMA = YES;
				CLANG_WARN_CONSTANT_CONVERSION = YES;
				CLANG_WARN_DEPRECATED_OBJC_IMPLEMENTATIONS = YES;
				CLANG_WARN_DIRECT_OBJC_ISA_USAGE = YES_ERROR;
				CLANG_WARN_DOCUMENTATION_COMMENTS = YES;
				CLANG_WARN_EMPTY_BODY = YES;
				CLANG_WARN_ENUM_CONVERSION = YES;
				CLANG_WARN_INFINITE_RECURSION = YES;
				CLANG_WARN_INT_CONVERSION = YES;
				CLANG_WARN_NON_LITERAL_NULL_CONVERSION = YES;
				CLANG_WARN_OBJC_IMPLICIT_RETAIN_SELF = YES;
				CLANG_WARN_OBJC_LITERAL_CONVERSION = YES;
				CLANG_WARN_OBJC_ROOT_CLASS = YES_ERROR;
				CLANG_WARN_QUOTED_INCLUDE_IN_FRAMEWORK_HEADER = YES;
				CLANG_WARN_RANGE_LOOP_ANALYSIS = YES;
				CLANG_WARN_STRICT_PROTOTYPES = YES;
				CLANG_WARN_SUSPICIOUS_MOVE = YES;
				CLANG_WARN_UNGUARDED_AVAILABILITY = YES_AGGRESSIVE;
				CLANG_WARN_UNREACHABLE_CODE = YES;
				CLANG_WARN__DUPLICATE_METHOD_MATCH = YES;
				COPY_PHASE_STRIP = NO;
				DEBUG_INFORMATION_FORMAT = "dwarf-with-dsym";
				ENABLE_NS_ASSERTIONS = NO;
				ENABLE_STRICT_OBJC_MSGSEND = YES;
				ENABLE_USER_SCRIPT_SANDBOXING = YES;
				GCC_C_LANGUAGE_STANDARD = gnu17;
				GCC_NO_COMMON_BLOCKS = YES;
				GCC_WARN_64_TO_32_BIT_CONVERSION = YES;
				GCC_WARN_ABOUT_RETURN_TYPE = YES_ERROR;
				GCC_WARN_UNDECLARED_SELECTOR = YES;
				GCC_WARN_UNINITIALIZED_AUTOS = YES_AGGRESSIVE;
				GCC_WARN_UNUSED_FUNCTION = YES;
				GCC_WARN_UNUSED_VARIABLE = YES;
				IPHONEOS_DEPLOYMENT_TARGET = 17.4;
				LOCALIZATION_PREFERS_STRING_CATALOGS = YES;
				MTL_ENABLE_DEBUG_INFO = NO;
				MTL_FAST_MATH = YES;
				SDKROOT = iphoneos;
				SWIFT_COMPILATION_MODE = wholemodule;
				VALIDATE_PRODUCT = YES;
			};
			name = Release;
		};
		619364432BE21ED500993069 /* Debug */ = {
			isa = XCBuildConfiguration;
			buildSettings = {
				ASSETCATALOG_COMPILER_APPICON_NAME = AppIcon;
				ASSETCATALOG_COMPILER_GLOBAL_ACCENT_COLOR_NAME = AccentColor;
				CODE_SIGN_STYLE = Automatic;
				CURRENT_PROJECT_VERSION = 1;
				DEVELOPMENT_ASSET_PATHS = "\"memorize/Preview Content\"";
				DEVELOPMENT_TEAM = Z4KG78N4BA;
				ENABLE_PREVIEWS = YES;
				GENERATE_INFOPLIST_FILE = YES;
				INFOPLIST_KEY_UIApplicationSceneManifest_Generation = YES;
				INFOPLIST_KEY_UIApplicationSupportsIndirectInputEvents = YES;
				INFOPLIST_KEY_UILaunchScreen_Generation = YES;
				INFOPLIST_KEY_UISupportedInterfaceOrientations_iPad = "UIInterfaceOrientationPortrait UIInterfaceOrientationPortraitUpsideDown UIInterfaceOrientationLandscapeLeft UIInterfaceOrientationLandscapeRight";
				INFOPLIST_KEY_UISupportedInterfaceOrientations_iPhone = "UIInterfaceOrientationPortrait UIInterfaceOrientationLandscapeLeft UIInterfaceOrientationLandscapeRight";
				LD_RUNPATH_SEARCH_PATHS = (
					"$(inherited)",
					"@executable_path/Frameworks",
				);
				MARKETING_VERSION = 1.0;
				PRODUCT_BUNDLE_IDENTIFIER = com.KyuwonHan.memorize;
				PRODUCT_NAME = "$(TARGET_NAME)";
				SWIFT_EMIT_LOC_STRINGS = YES;
				SWIFT_VERSION = 5.0;
				TARGETED_DEVICE_FAMILY = "1,2";
			};
			name = Debug;
		};
		619364442BE21ED500993069 /* Release */ = {
			isa = XCBuildConfiguration;
			buildSettings = {
				ASSETCATALOG_COMPILER_APPICON_NAME = AppIcon;
				ASSETCATALOG_COMPILER_GLOBAL_ACCENT_COLOR_NAME = AccentColor;
				CODE_SIGN_STYLE = Automatic;
				CURRENT_PROJECT_VERSION = 1;
				DEVELOPMENT_ASSET_PATHS = "\"memorize/Preview Content\"";
				DEVELOPMENT_TEAM = Z4KG78N4BA;
				ENABLE_PREVIEWS = YES;
				GENERATE_INFOPLIST_FILE = YES;
				INFOPLIST_KEY_UIApplicationSceneManifest_Generation = YES;
				INFOPLIST_KEY_UIApplicationSupportsIndirectInputEvents = YES;
				INFOPLIST_KEY_UILaunchScreen_Generation = YES;
				INFOPLIST_KEY_UISupportedInterfaceOrientations_iPad = "UIInterfaceOrientationPortrait UIInterfaceOrientationPortraitUpsideDown UIInterfaceOrientationLandscapeLeft UIInterfaceOrientationLandscapeRight";
				INFOPLIST_KEY_UISupportedInterfaceOrientations_iPhone = "UIInterfaceOrientationPortrait UIInterfaceOrientationLandscapeLeft UIInterfaceOrientationLandscapeRight";
				LD_RUNPATH_SEARCH_PATHS = (
					"$(inherited)",
					"@executable_path/Frameworks",
				);
				MARKETING_VERSION = 1.0;
				PRODUCT_BUNDLE_IDENTIFIER = com.KyuwonHan.memorize;
				PRODUCT_NAME = "$(TARGET_NAME)";
				SWIFT_EMIT_LOC_STRINGS = YES;
				SWIFT_VERSION = 5.0;
				TARGETED_DEVICE_FAMILY = "1,2";
			};
			name = Release;
		};
		619364462BE21ED500993069 /* Debug */ = {
			isa = XCBuildConfiguration;
			buildSettings = {
				ALWAYS_EMBED_SWIFT_STANDARD_LIBRARIES = YES;
				BUNDLE_LOADER = "$(TEST_HOST)";
				CODE_SIGN_STYLE = Automatic;
				CURRENT_PROJECT_VERSION = 1;
				DEVELOPMENT_TEAM = Z4KG78N4BA;
				GENERATE_INFOPLIST_FILE = YES;
				IPHONEOS_DEPLOYMENT_TARGET = 17.4;
				MARKETING_VERSION = 1.0;
				PRODUCT_BUNDLE_IDENTIFIER = com.KyuwonHan.memorizeTests;
				PRODUCT_NAME = "$(TARGET_NAME)";
				SWIFT_EMIT_LOC_STRINGS = NO;
				SWIFT_VERSION = 5.0;
				TARGETED_DEVICE_FAMILY = "1,2";
				TEST_HOST = "$(BUILT_PRODUCTS_DIR)/memorize.app/$(BUNDLE_EXECUTABLE_FOLDER_PATH)/memorize";
			};
			name = Debug;
		};
		619364472BE21ED500993069 /* Release */ = {
			isa = XCBuildConfiguration;
			buildSettings = {
				ALWAYS_EMBED_SWIFT_STANDARD_LIBRARIES = YES;
				BUNDLE_LOADER = "$(TEST_HOST)";
				CODE_SIGN_STYLE = Automatic;
				CURRENT_PROJECT_VERSION = 1;
				DEVELOPMENT_TEAM = Z4KG78N4BA;
				GENERATE_INFOPLIST_FILE = YES;
				IPHONEOS_DEPLOYMENT_TARGET = 17.4;
				MARKETING_VERSION = 1.0;
				PRODUCT_BUNDLE_IDENTIFIER = com.KyuwonHan.memorizeTests;
				PRODUCT_NAME = "$(TARGET_NAME)";
				SWIFT_EMIT_LOC_STRINGS = NO;
				SWIFT_VERSION = 5.0;
				TARGETED_DEVICE_FAMILY = "1,2";
				TEST_HOST = "$(BUILT_PRODUCTS_DIR)/memorize.app/$(BUNDLE_EXECUTABLE_FOLDER_PATH)/memorize";
			};
			name = Release;
		};
		619364492BE21ED500993069 /* Debug */ = {
			isa = XCBuildConfiguration;
			buildSettings = {
				ALWAYS_EMBED_SWIFT_STANDARD_LIBRARIES = YES;
				CODE_SIGN_STYLE = Automatic;
				CURRENT_PROJECT_VERSION = 1;
				DEVELOPMENT_TEAM = Z4KG78N4BA;
				GENERATE_INFOPLIST_FILE = YES;
				MARKETING_VERSION = 1.0;
				PRODUCT_BUNDLE_IDENTIFIER = com.KyuwonHan.memorizeUITests;
				PRODUCT_NAME = "$(TARGET_NAME)";
				SWIFT_EMIT_LOC_STRINGS = NO;
				SWIFT_VERSION = 5.0;
				TARGETED_DEVICE_FAMILY = "1,2";
				TEST_TARGET_NAME = memorize;
			};
			name = Debug;
		};
		6193644A2BE21ED500993069 /* Release */ = {
			isa = XCBuildConfiguration;
			buildSettings = {
				ALWAYS_EMBED_SWIFT_STANDARD_LIBRARIES = YES;
				CODE_SIGN_STYLE = Automatic;
				CURRENT_PROJECT_VERSION = 1;
				DEVELOPMENT_TEAM = Z4KG78N4BA;
				GENERATE_INFOPLIST_FILE = YES;
				MARKETING_VERSION = 1.0;
				PRODUCT_BUNDLE_IDENTIFIER = com.KyuwonHan.memorizeUITests;
				PRODUCT_NAME = "$(TARGET_NAME)";
				SWIFT_EMIT_LOC_STRINGS = NO;
				SWIFT_VERSION = 5.0;
				TARGETED_DEVICE_FAMILY = "1,2";
				TEST_TARGET_NAME = memorize;
			};
			name = Release;
		};
/* End XCBuildConfiguration section */

/* Begin XCConfigurationList section */
		619364192BE21ED100993069 /* Build configuration list for PBXProject "memorize" */ = {
			isa = XCConfigurationList;
			buildConfigurations = (
				619364402BE21ED500993069 /* Debug */,
				619364412BE21ED500993069 /* Release */,
			);
			defaultConfigurationIsVisible = 0;
			defaultConfigurationName = Release;
		};
		619364422BE21ED500993069 /* Build configuration list for PBXNativeTarget "memorize" */ = {
			isa = XCConfigurationList;
			buildConfigurations = (
				619364432BE21ED500993069 /* Debug */,
				619364442BE21ED500993069 /* Release */,
			);
			defaultConfigurationIsVisible = 0;
			defaultConfigurationName = Release;
		};
		619364452BE21ED500993069 /* Build configuration list for PBXNativeTarget "memorizeTests" */ = {
			isa = XCConfigurationList;
			buildConfigurations = (
				619364462BE21ED500993069 /* Debug */,
				619364472BE21ED500993069 /* Release */,
			);
			defaultConfigurationIsVisible = 0;
			defaultConfigurationName = Release;
		};
		619364482BE21ED500993069 /* Build configuration list for PBXNativeTarget "memorizeUITests" */ = {
			isa = XCConfigurationList;
			buildConfigurations = (
				619364492BE21ED500993069 /* Debug */,
				6193644A2BE21ED500993069 /* Release */,
			);
			defaultConfigurationIsVisible = 0;
			defaultConfigurationName = Release;
		};
/* End XCConfigurationList section */
	};
	rootObject = 619364162BE21ED100993069 /* Project object */;
}
